
Microsoft Visual Studio Solution File, Format Version 12.00
# Visual Studio Version 16
VisualStudioVersion = 16.0.31515.178
MinimumVisualStudioVersion = 10.0.40219.1
Project("{888888A0-9F3D-457C-B088-3A5042F75D52}") = "OSU!STATS", "OSU!STATS\OSU!STATS.pyproj", "{8929CE85-4112-4E81-94C9-397F0073267C}"
EndProject
Global
	GlobalSection(SolutionConfigurationPlatforms) = preSolution
		Debug|Any CPU = Debug|Any CPU
		Release|Any CPU = Release|Any CPU
	EndGlobalSection
	GlobalSection(ProjectConfigurationPlatforms) = postSolution
		{8929CE85-4112-4E81-94C9-397F0073267C}.Debug|Any CPU.ActiveCfg = Debug|Any CPU
		{8929CE85-4112-4E81-94C9-397F0073267C}.Release|Any CPU.ActiveCfg = Release|Any CPU
	EndGlobalSection
	GlobalSection(SolutionProperties) = preSolution
		HideSolutionNode = FALSE
	EndGlobalSection
	GlobalSection(ExtensibilityGlobals) = postSolution
		SolutionGuid = {818E6224-4779-43C4-A03B-94B711046E63}
	EndGlobalSection
EndGlobal
